Microsoft Visual Studio Solution File, Format Version 12.00
# Visual Studio Version 17
VisualStudioVersion = 17.5.2.0
MinimumVisualStudioVersion = 10.0.40219.1
Project("{FAE04EC0-301F-11D3-BF4B-00C04F79EFBC}") = "Azure_Project", "Azure_Project.csproj", "{CBE00799-D1DB-D0E2-A7DC-5C7CBF792862}"
EndProject
Global
	GlobalSection(SolutionConfigurationPlatforms) = preSolution
		Debug|Any CPU = Debug|Any CPU
		Release|Any CPU = Release|Any CPU
	EndGlobalSection
	GlobalSection(ProjectConfigurationPlatforms) = postSolution
		{CBE00799-D1DB-D0E2-A7DC-5C7CBF792862}.Debug|Any CPU.ActiveCfg = Debug|Any CPU
		{CBE00799-D1DB-D0E2-A7DC-5C7CBF792862}.Debug|Any CPU.Build.0 = Debug|Any CPU
		{CBE00799-D1DB-D0E2-A7DC-5C7CBF792862}.Release|Any CPU.ActiveCfg = Release|Any CPU
		{CBE00799-D1DB-D0E2-A7DC-5C7CBF792862}.Release|Any CPU.Build.0 = Release|Any CPU
	EndGlobalSection
	GlobalSection(SolutionProperties) = preSolution
		HideSolutionNode = FALSE
	EndGlobalSection
	GlobalSection(ExtensibilityGlobals) = postSolution
		SolutionGuid = {1036CAF4-381A-4C8B-9160-1838671E0FA0}
	EndGlobalSection
EndGlobal
